{
  "name": "js",
  "lockfileVersion": 2,
  "requires": true,
  "packages": {
    "": {
      "dependencies": {
        "newdom": "^1.1.0"
      }
    },
    "node_modules/newdom": {
      "version": "1.1.0",
      "resolved": "https://registry.npmjs.org/newdom/-/newdom-1.1.0.tgz",
      "integrity": "sha512-rFK8cMYdUKGSq8V3un5Te7KvNYeDpTfc3mJdgGJSY9V1Uw1+WzTb5kmbiC0UenCeDjX33ZI81/0i0FN4yzaUqQ=="
    }
  },
  "dependencies": {
    "newdom": {
      "version": "1.1.0",
      "resolved": "https://registry.npmjs.org/newdom/-/newdom-1.1.0.tgz",
      "integrity": "sha512-rFK8cMYdUKGSq8V3un5Te7KvNYeDpTfc3mJdgGJSY9V1Uw1+WzTb5kmbiC0UenCeDjX33ZI81/0i0FN4yzaUqQ=="
    }
  }
}
